// !$*UTF8*$!
{
	archiveVersion = 1;
	classes = {
	};
	objectVersion = 56;
	objects = {

/* Begin PBXBuildFile section */
		3328A8B7EEC1EB775404413B /* rr_context.c in Sources */ = {isa = PBXBuildFile; fileRef = 6F127843347B7EABB56EB2FF /* rr_context.c */; };
		CE700E7BF1A43FBDBD41F9FA /* rr_disp.c in Sources */ = {isa = PBXBuildFile; fileRef = 1BFD2FE129316C1BE8509230 /* rr_disp.c */; };
		B0B6B07D67E0DBF4C47AEE46 /* rr_gfx.c in Sources */ = {isa = PBXBuildFile; fileRef = B68508EB4FE2D545DA9452E2 /* rr_gfx.c */; };
		7A36FE0F98517231780157E2 /* rr_input.c in Sources */ = {isa = PBXBuildFile; fileRef = B7D09CC2199E27D817A7E929 /* rr_input.c */; };
		CC8FACED55714BA2B7309F21 /* rr_rail.c in Sources */ = {isa = PBXBuildFile; fileRef = 5728D27A1F3C6C280A6CF88C /* rr_rail.c */; };
		B9035079C185A22D1F2AA2B3 /* rr_settings.c in Sources */ = {isa = PBXBuildFile; fileRef = 2573F6A0CA67A88F2B892C46 /* rr_settings.c */; };
		E793591DABE73CD993FF4E6F /* RRApplication.m in Sources */ = {isa = PBXBuildFile; fileRef = 9836859AEBF87021F65C6BCB /* RRApplication.m */; };
		B39E12ECE963889B4B8CBF30 /* RRClipboard.m in Sources */ = {isa = PBXBuildFile; fileRef = 3FF02D8BDBA096C8296F3512 /* RRClipboard.m */; };
		CD0C6DFFF99912FA3839C916 /* RRCursor.m in Sources */ = {isa = PBXBuildFile; fileRef = 89F331CE11FBF8FDA1BC2333 /* RRCursor.m */; };
		6EC6312B814F812459ACCAAC /* RRDesktopController.m in Sources */ = {isa = PBXBuildFile; fileRef = 5A69F5B6A738AAF4C0A8AB4F /* RRDesktopController.m */; };
		0693818E6BF2A9216A7F600A /* RRInputSource.m in Sources */ = {isa = PBXBuildFile; fileRef = 4CDBB73A9D7BBF9321490854 /* RRInputSource.m */; };
		27B18F818583EF8A905B867D /* RRKeyboard.m in Sources */ = {isa = PBXBuildFile; fileRef = 2C921974BD8449B49A6DD2A9 /* RRKeyboard.m */; };
		AA8DD7112CA5E66DF034E6BE /* RRMetalView.m in Sources */ = {isa = PBXBuildFile; fileRef = 4113F385FB602689263B1A72 /* RRMetalView.m */; };
		2004EFE082FC16E1F1BCFBCD /* RRRailController.m in Sources */ = {isa = PBXBuildFile; fileRef = EE5E78689E58B088F60AF308 /* RRRailController.m */; };
		E42B90811266DB0614899599 /* RRRenderer.m in Sources */ = {isa = PBXBuildFile; fileRef = ACC94847D4E2B23F93CE8EBF /* RRRenderer.m */; };
		A5DA60F7660737DFCBEF8FCD /* RRSession.m in Sources */ = {isa = PBXBuildFile; fileRef = DAB3C73E6C9FB2B52EACD8C4 /* RRSession.m */; };
		BF04E654BAACDD6D653A7472 /* RRTray.m in Sources */ = {isa = PBXBuildFile; fileRef = B60FD94DD60343A0EB0C284E /* RRTray.m */; };
		F55E7AFD8989209CEC8AC49A /* main.m in Sources */ = {isa = PBXBuildFile; fileRef = 46051C27F61C6A9848E80800 /* main.m */; };
/* End PBXBuildFile section */

/* Begin PBXFileReference section */
		6F127843347B7EABB56EB2FF /* rr_context.c */ = {isa = PBXFileReference; lastKnownFileType = sourcecode.c.c; path = rr_context.c; sourceTree = "<group>"; };
		FC6EF14DCDC3B9186050FAF4 /* rr_core.h */ = {isa = PBXFileReference; lastKnownFileType = sourcecode.c.h; path = rr_core.h; sourceTree = "<group>"; };
		1BFD2FE129316C1BE8509230 /* rr_disp.c */ = {isa = PBXFileReference; lastKnownFileType = sourcecode.c.c; path = rr_disp.c; sourceTree = "<group>"; };
		B68508EB4FE2D545DA9452E2 /* rr_gfx.c */ = {isa = PBXFileReference; lastKnownFileType = sourcecode.c.c; path = rr_gfx.c; sourceTree = "<group>"; };
		B7D09CC2199E27D817A7E929 /* rr_input.c */ = {isa = PBXFileReference; lastKnownFileType = sourcecode.c.c; path = rr_input.c; sourceTree = "<group>"; };
		3F9F18EA2A6A50A026605403 /* rr_private.h */ = {isa = PBXFileReference; lastKnownFileType = sourcecode.c.h; path = rr_private.h; sourceTree = "<group>"; };
		5728D27A1F3C6C280A6CF88C /* rr_rail.c */ = {isa = PBXFileReference; lastKnownFileType = sourcecode.c.c; path = rr_rail.c; sourceTree = "<group>"; };
		2573F6A0CA67A88F2B892C46 /* rr_settings.c */ = {isa = PBXFileReference; lastKnownFileType = sourcecode.c.c; path = rr_settings.c; sourceTree = "<group>"; };
		62191E95F20DC16A08B06229 /* Info.plist */ = {isa = PBXFileReference; lastKnownFileType = text.plist.xml; path = Info.plist; sourceTree = "<group>"; };
		492E23215CA14D093A4F47DB /* RRApplication.h */ = {isa = PBXFileReference; lastKnownFileType = sourcecode.c.h; path = RRApplication.h; sourceTree = "<group>"; };
		9836859AEBF87021F65C6BCB /* RRApplication.m */ = {isa = PBXFileReference; lastKnownFileType = sourcecode.c.objc; path = RRApplication.m; sourceTree = "<group>"; };
		6BB5CE37956E7766FCB22718 /* RRClipboard.h */ = {isa = PBXFileReference; lastKnownFileType = sourcecode.c.h; path = RRClipboard.h; sourceTree = "<group>"; };
		3FF02D8BDBA096C8296F3512 /* RRClipboard.m */ = {isa = PBXFileReference; lastKnownFileType = sourcecode.c.objc; path = RRClipboard.m; sourceTree = "<group>"; };
		1A6D89FB90E857BECE23B6B3 /* RRCursor.h */ = {isa = PBXFileReference; lastKnownFileType = sourcecode.c.h; path = RRCursor.h; sourceTree = "<group>"; };
		89F331CE11FBF8FDA1BC2333 /* RRCursor.m */ = {isa = PBXFileReference; lastKnownFileType = sourcecode.c.objc; path = RRCursor.m; sourceTree = "<group>"; };
		B4B3AC277606DF9C9BBC7A33 /* RRDesktopController.h */ = {isa = PBXFileReference; lastKnownFileType = sourcecode.c.h; path = RRDesktopController.h; sourceTree = "<group>"; };
		5A69F5B6A738AAF4C0A8AB4F /* RRDesktopController.m */ = {isa = PBXFileReference; lastKnownFileType = sourcecode.c.objc; path = RRDesktopController.m; sourceTree = "<group>"; };
		CC227C8911F9EAA793BE7F4E /* RRInputSource.h */ = {isa = PBXFileReference; lastKnownFileType = sourcecode.c.h; path = RRInputSource.h; sourceTree = "<group>"; };
		4CDBB73A9D7BBF9321490854 /* RRInputSource.m */ = {isa = PBXFileReference; lastKnownFileType = sourcecode.c.objc; path = RRInputSource.m; sourceTree = "<group>"; };
		ADB4012B2944D1238E583D1D /* RRKeyboard.h */ = {isa = PBXFileReference; lastKnownFileType = sourcecode.c.h; path = RRKeyboard.h; sourceTree = "<group>"; };
		2C921974BD8449B49A6DD2A9 /* RRKeyboard.m */ = {isa = PBXFileReference; lastKnownFileType = sourcecode.c.objc; path = RRKeyboard.m; sourceTree = "<group>"; };
		E668B97F648294C673E4235E /* RRMetalView.h */ = {isa = PBXFileReference; lastKnownFileType = sourcecode.c.h; path = RRMetalView.h; sourceTree = "<group>"; };
		4113F385FB602689263B1A72 /* RRMetalView.m */ = {isa = PBXFileReference; lastKnownFileType = sourcecode.c.objc; path = RRMetalView.m; sourceTree = "<group>"; };
		213CD83A1FF88DE33491E0B5 /* RRPrefix.h */ = {isa = PBXFileReference; lastKnownFileType = sourcecode.c.h; path = RRPrefix.h; sourceTree = "<group>"; };
		2A6B40465BB1F3B817D5B558 /* RRRailController.h */ = {isa = PBXFileReference; lastKnownFileType = sourcecode.c.h; path = RRRailController.h; sourceTree = "<group>"; };
		EE5E78689E58B088F60AF308 /* RRRailController.m */ = {isa = PBXFileReference; lastKnownFileType = sourcecode.c.objc; path = RRRailController.m; sourceTree = "<group>"; };
		7B86B348E91FEE97C13EE92A /* RRRenderer.h */ = {isa = PBXFileReference; lastKnownFileType = sourcecode.c.h; path = RRRenderer.h; sourceTree = "<group>"; };
		ACC94847D4E2B23F93CE8EBF /* RRRenderer.m */ = {isa = PBXFileReference; lastKnownFileType = sourcecode.c.objc; path = RRRenderer.m; sourceTree = "<group>"; };
		2AA227717C1397F143E236D5 /* RRSession.h */ = {isa = PBXFileReference; lastKnownFileType = sourcecode.c.h; path = RRSession.h; sourceTree = "<group>"; };
		DAB3C73E6C9FB2B52EACD8C4 /* RRSession.m */ = {isa = PBXFileReference; lastKnownFileType = sourcecode.c.objc; path = RRSession.m; sourceTree = "<group>"; };
		0818F96AFBE44CAB4B225524 /* RRTray.h */ = {isa = PBXFileReference; lastKnownFileType = sourcecode.c.h; path = RRTray.h; sourceTree = "<group>"; };
		B60FD94DD60343A0EB0C284E /* RRTray.m */ = {isa = PBXFileReference; lastKnownFileType = sourcecode.c.objc; path = RRTray.m; sourceTree = "<group>"; };
		46051C27F61C6A9848E80800 /* main.m */ = {isa = PBXFileReference; lastKnownFileType = sourcecode.c.objc; path = main.m; sourceTree = "<group>"; };
		50178A953A82BB4E518CA119 /* rdp-retina.app */ = {isa = PBXFileReference; explicitFileType = wrapper.application; includeInIndex = 0; path = "rdp-retina.app"; sourceTree = BUILT_PRODUCTS_DIR; };
/* End PBXFileReference section */

/* Begin PBXFrameworksBuildPhase section */
		050BD13606CE9C23BB9C2CB2 /* Frameworks */ = {
			isa = PBXFrameworksBuildPhase;
			buildActionMask = 2147483647;
			files = (
			);
			runOnlyForDeploymentPostprocessing = 0;
		};
/* End PBXFrameworksBuildPhase section */

/* Begin PBXGroup section */
		0AB599C79CAC73789BD4BE4D = {
			isa = PBXGroup;
			children = (
				5C9E96A89C184C623D2EE358 /* core */,
				FC16C3A9DA8FC7AA74048E6E /* mac */,
				B6D6D43CC34EF2AF227B536E /* Products */,
			);
			sourceTree = "<group>";
		};
		5C9E96A89C184C623D2EE358 /* core */ = {
			isa = PBXGroup;
			children = (
				6F127843347B7EABB56EB2FF /* rr_context.c */,
				FC6EF14DCDC3B9186050FAF4 /* rr_core.h */,
				1BFD2FE129316C1BE8509230 /* rr_disp.c */,
				B68508EB4FE2D545DA9452E2 /* rr_gfx.c */,
				B7D09CC2199E27D817A7E929 /* rr_input.c */,
				3F9F18EA2A6A50A026605403 /* rr_private.h */,
				5728D27A1F3C6C280A6CF88C /* rr_rail.c */,
				2573F6A0CA67A88F2B892C46 /* rr_settings.c */,
			);
			path = core;
			sourceTree = "<group>";
		};
		FC16C3A9DA8FC7AA74048E6E /* mac */ = {
			isa = PBXGroup;
			children = (
				62191E95F20DC16A08B06229 /* Info.plist */,
				492E23215CA14D093A4F47DB /* RRApplication.h */,
				9836859AEBF87021F65C6BCB /* RRApplication.m */,
				6BB5CE37956E7766FCB22718 /* RRClipboard.h */,
				3FF02D8BDBA096C8296F3512 /* RRClipboard.m */,
				1A6D89FB90E857BECE23B6B3 /* RRCursor.h */,
				89F331CE11FBF8FDA1BC2333 /* RRCursor.m */,
				B4B3AC277606DF9C9BBC7A33 /* RRDesktopController.h */,
				5A69F5B6A738AAF4C0A8AB4F /* RRDesktopController.m */,
				CC227C8911F9EAA793BE7F4E /* RRInputSource.h */,
				4CDBB73A9D7BBF9321490854 /* RRInputSource.m */,
				ADB4012B2944D1238E583D1D /* RRKeyboard.h */,
				2C921974BD8449B49A6DD2A9 /* RRKeyboard.m */,
				E668B97F648294C673E4235E /* RRMetalView.h */,
				4113F385FB602689263B1A72 /* RRMetalView.m */,
				213CD83A1FF88DE33491E0B5 /* RRPrefix.h */,
				2A6B40465BB1F3B817D5B558 /* RRRailController.h */,
				EE5E78689E58B088F60AF308 /* RRRailController.m */,
				7B86B348E91FEE97C13EE92A /* RRRenderer.h */,
				ACC94847D4E2B23F93CE8EBF /* RRRenderer.m */,
				2AA227717C1397F143E236D5 /* RRSession.h */,
				DAB3C73E6C9FB2B52EACD8C4 /* RRSession.m */,
				0818F96AFBE44CAB4B225524 /* RRTray.h */,
				B60FD94DD60343A0EB0C284E /* RRTray.m */,
				46051C27F61C6A9848E80800 /* main.m */,
			);
			path = mac;
			sourceTree = "<group>";
		};
		B6D6D43CC34EF2AF227B536E /* Products */ = {
			isa = PBXGroup;
			children = (
				50178A953A82BB4E518CA119 /* rdp-retina.app */,
			);
			name = Products;
			sourceTree = "<group>";
		};
/* End PBXGroup section */

/* Begin PBXNativeTarget section */
		14F588AEA56767926571F87F /* rdp-retina */ = {
			isa = PBXNativeTarget;
			buildConfigurationList = AFCC775E8C2393B8C5F83E67 /* Build configuration list for PBXNativeTarget "rdp-retina" */;
			buildPhases = (
				7715E746A3732ADC44AEEA9A /* Sources */,
				050BD13606CE9C23BB9C2CB2 /* Frameworks */,
				97626131F303CBCAC809E4CE /* Resources */,
			);
			buildRules = (
			);
			dependencies = (
			);
			name = "rdp-retina";
			productName = "rdp-retina";
			productReference = 50178A953A82BB4E518CA119 /* rdp-retina.app */;
			productType = "com.apple.product-type.application";
		};
/* End PBXNativeTarget section */

/* Begin PBXProject section */
		B09222CDABD80A31196B84F0 /* Project object */ = {
			isa = PBXProject;
			attributes = {
				BuildIndependentTargetsInParallel = 1;
				LastUpgradeCheck = 2650;
				TargetAttributes = {
					14F588AEA56767926571F87F = {
						CreatedOnToolsVersion = 26.5;
					};
				};
			};
			buildConfigurationList = 30BD7D8C0E25EEB9189D415A /* Build configuration list for PBXProject "rdp-retina" */;
			compatibilityVersion = "Xcode 14.0";
			developmentRegion = de;
			hasScannedForEncodings = 0;
			knownRegions = (
				de,
				Base,
			);
			mainGroup = 0AB599C79CAC73789BD4BE4D;
			productRefGroup = B6D6D43CC34EF2AF227B536E /* Products */;
			projectDirPath = "";
			projectRoot = "";
			targets = (
				14F588AEA56767926571F87F /* rdp-retina */,
			);
		};
/* End PBXProject section */

/* Begin PBXResourcesBuildPhase section */
		97626131F303CBCAC809E4CE /* Resources */ = {
			isa = PBXResourcesBuildPhase;
			buildActionMask = 2147483647;
			files = (
			);
			runOnlyForDeploymentPostprocessing = 0;
		};
/* End PBXResourcesBuildPhase section */

/* Begin PBXSourcesBuildPhase section */
		7715E746A3732ADC44AEEA9A /* Sources */ = {
			isa = PBXSourcesBuildPhase;
			buildActionMask = 2147483647;
			files = (
				3328A8B7EEC1EB775404413B /* rr_context.c in Sources */,
				CE700E7BF1A43FBDBD41F9FA /* rr_disp.c in Sources */,
				B0B6B07D67E0DBF4C47AEE46 /* rr_gfx.c in Sources */,
				7A36FE0F98517231780157E2 /* rr_input.c in Sources */,
				CC8FACED55714BA2B7309F21 /* rr_rail.c in Sources */,
				B9035079C185A22D1F2AA2B3 /* rr_settings.c in Sources */,
				E793591DABE73CD993FF4E6F /* RRApplication.m in Sources */,
				B39E12ECE963889B4B8CBF30 /* RRClipboard.m in Sources */,
				CD0C6DFFF99912FA3839C916 /* RRCursor.m in Sources */,
				6EC6312B814F812459ACCAAC /* RRDesktopController.m in Sources */,
				0693818E6BF2A9216A7F600A /* RRInputSource.m in Sources */,
				27B18F818583EF8A905B867D /* RRKeyboard.m in Sources */,
				AA8DD7112CA5E66DF034E6BE /* RRMetalView.m in Sources */,
				2004EFE082FC16E1F1BCFBCD /* RRRailController.m in Sources */,
				E42B90811266DB0614899599 /* RRRenderer.m in Sources */,
				A5DA60F7660737DFCBEF8FCD /* RRSession.m in Sources */,
				BF04E654BAACDD6D653A7472 /* RRTray.m in Sources */,
				F55E7AFD8989209CEC8AC49A /* main.m in Sources */,
			);
			runOnlyForDeploymentPostprocessing = 0;
		};
/* End PBXSourcesBuildPhase section */

/* Begin XCBuildConfiguration section */
		4FD452CBEEB047940118DA05 /* Debug */ = {
			isa = XCBuildConfiguration;
			buildSettings = {
				ALWAYS_SEARCH_USER_PATHS = NO;
				CLANG_ANALYZER_NONNULL = YES;
				CLANG_ENABLE_MODULES = YES;
				CLANG_ENABLE_OBJC_ARC = YES;
				CLANG_ENABLE_OBJC_WEAK = YES;
				CLANG_WARN_BLOCK_CAPTURE_AUTORELEASING = YES;
				CLANG_WARN_BOOL_CONVERSION = YES;
				CLANG_WARN_COMMA = YES;
				CLANG_WARN_CONSTANT_CONVERSION = YES;
				CLANG_WARN_DEPRECATED_OBJC_IMPLEMENTATIONS = YES;
				CLANG_WARN_DIRECT_OBJC_ISA_USAGE = YES_ERROR;
				CLANG_WARN_EMPTY_BODY = YES;
				CLANG_WARN_ENUM_CONVERSION = YES;
				CLANG_WARN_INFINITE_RECURSION = YES;
				CLANG_WARN_INT_CONVERSION = YES;
				CLANG_WARN_OBJC_LITERAL_CONVERSION = YES;
				CLANG_WARN_OBJC_ROOT_CLASS = YES_ERROR;
				CLANG_WARN_RANGE_LOOP_ANALYSIS = YES;
				CLANG_WARN_STRICT_PROTOTYPES = NO;
				CLANG_WARN_SUSPICIOUS_MOVE = YES;
				CLANG_WARN_UNREACHABLE_CODE = YES;
				CLANG_WARN__DUPLICATE_METHOD_MATCH = YES;
				COPY_PHASE_STRIP = NO;
				DEBUG_INFORMATION_FORMAT = dwarf;
				ENABLE_STRICT_OBJC_MSGSEND = YES;
				ENABLE_TESTABILITY = YES;
				ENABLE_USER_SCRIPT_SANDBOXING = YES;
				GCC_C_LANGUAGE_STANDARD = gnu11;
				GCC_DYNAMIC_NO_PIC = NO;
				GCC_NO_COMMON_BLOCKS = YES;
				GCC_OPTIMIZATION_LEVEL = 0;
				GCC_PREPROCESSOR_DEFINITIONS = (
					"DEBUG=1",
					"$(inherited)",
				);
				GCC_WARN_64_TO_32_BIT_CONVERSION = NO;
				GCC_WARN_ABOUT_RETURN_TYPE = YES_ERROR;
				GCC_WARN_UNDECLARED_SELECTOR = YES;
				GCC_WARN_UNINITIALIZED_AUTOS = YES_AGGRESSIVE;
				GCC_WARN_UNUSED_FUNCTION = YES;
				GCC_WARN_UNUSED_VARIABLE = YES;
				MACOSX_DEPLOYMENT_TARGET = 13.0;
				MTL_ENABLE_DEBUG_INFO = INCLUDE_SOURCE;
				ONLY_ACTIVE_ARCH = YES;
				SDKROOT = macosx;
			};
			name = Debug;
		};
		7AE7A56E45D725C753167F55 /* Release */ = {
			isa = XCBuildConfiguration;
			buildSettings = {
				ALWAYS_SEARCH_USER_PATHS = NO;
				CLANG_ANALYZER_NONNULL = YES;
				CLANG_ENABLE_MODULES = YES;
				CLANG_ENABLE_OBJC_ARC = YES;
				CLANG_ENABLE_OBJC_WEAK = YES;
				CLANG_WARN_BLOCK_CAPTURE_AUTORELEASING = YES;
				CLANG_WARN_BOOL_CONVERSION = YES;
				CLANG_WARN_COMMA = YES;
				CLANG_WARN_CONSTANT_CONVERSION = YES;
				CLANG_WARN_DEPRECATED_OBJC_IMPLEMENTATIONS = YES;
				CLANG_WARN_DIRECT_OBJC_ISA_USAGE = YES_ERROR;
				CLANG_WARN_EMPTY_BODY = YES;
				CLANG_WARN_ENUM_CONVERSION = YES;
				CLANG_WARN_INFINITE_RECURSION = YES;
				CLANG_WARN_INT_CONVERSION = YES;
				CLANG_WARN_OBJC_LITERAL_CONVERSION = YES;
				CLANG_WARN_OBJC_ROOT_CLASS = YES_ERROR;
				CLANG_WARN_RANGE_LOOP_ANALYSIS = YES;
				CLANG_WARN_STRICT_PROTOTYPES = NO;
				CLANG_WARN_SUSPICIOUS_MOVE = YES;
				CLANG_WARN_UNREACHABLE_CODE = YES;
				CLANG_WARN__DUPLICATE_METHOD_MATCH = YES;
				COPY_PHASE_STRIP = NO;
				DEBUG_INFORMATION_FORMAT = "dwarf-with-dsym";
				ENABLE_NS_ASSERTIONS = NO;
				ENABLE_STRICT_OBJC_MSGSEND = YES;
				ENABLE_USER_SCRIPT_SANDBOXING = YES;
				GCC_C_LANGUAGE_STANDARD = gnu11;
				GCC_NO_COMMON_BLOCKS = YES;
				GCC_WARN_64_TO_32_BIT_CONVERSION = NO;
				GCC_WARN_ABOUT_RETURN_TYPE = YES_ERROR;
				GCC_WARN_UNDECLARED_SELECTOR = YES;
				GCC_WARN_UNINITIALIZED_AUTOS = YES_AGGRESSIVE;
				GCC_WARN_UNUSED_FUNCTION = YES;
				GCC_WARN_UNUSED_VARIABLE = YES;
				MACOSX_DEPLOYMENT_TARGET = 13.0;
				MTL_ENABLE_DEBUG_INFO = NO;
				SDKROOT = macosx;
			};
			name = Release;
		};
		62B016D1EA3B6D6189BEAF13 /* Debug */ = {
			isa = XCBuildConfiguration;
			buildSettings = {
				ARCHS = "$(NATIVE_ARCH_ACTUAL)";
				CODE_SIGN_IDENTITY = "-";
				CODE_SIGN_STYLE = Automatic;
				COMBINE_HIDPI_IMAGES = YES;
				CURRENT_PROJECT_VERSION = 1;
				DEVELOPMENT_TEAM = "";
				ENABLE_HARDENED_RUNTIME = NO;
				GCC_PREFIX_HEADER = mac/RRPrefix.h;
				GENERATE_INFOPLIST_FILE = NO;
				HEADER_SEARCH_PATHS = (
					"$(SRCROOT)/core",
					"$(SRCROOT)/vendor/freerdp/include/freerdp3",
					"$(SRCROOT)/vendor/freerdp/include/winpr3",
					/opt/homebrew/include/freerdp3,
					/opt/homebrew/include/winpr3,
					/usr/local/include/freerdp3,
					/usr/local/include/winpr3,
				);
				INFOPLIST_FILE = mac/Info.plist;
				LD_RUNPATH_SEARCH_PATHS = (
					"$(inherited)",
					"@executable_path/../Frameworks",
					"$(SRCROOT)/vendor/freerdp/lib",
					/opt/homebrew/lib,
					/usr/local/lib,
				);
				LIBRARY_SEARCH_PATHS = (
					"$(SRCROOT)/vendor/freerdp/lib",
					/opt/homebrew/lib,
					/usr/local/lib,
				);
				MARKETING_VERSION = 0.1.0;
				OTHER_LDFLAGS = (
					"-lfreerdp-client3",
					"-lfreerdp3",
					"-lwinpr3",
					"-framework",
					AppKit,
					"-framework",
					Metal,
					"-framework",
					QuartzCore,
					"-framework",
					Carbon,
					"-framework",
					IOKit,
				);
				PRODUCT_BUNDLE_IDENTIFIER = "com.cratchmere.rdp-retina";
				PRODUCT_NAME = "$(TARGET_NAME)";
			};
			name = Debug;
		};
		04CB42321259FD3210DDED26 /* Release */ = {
			isa = XCBuildConfiguration;
			buildSettings = {
				ARCHS = "$(NATIVE_ARCH_ACTUAL)";
				CODE_SIGN_IDENTITY = "-";
				CODE_SIGN_STYLE = Automatic;
				COMBINE_HIDPI_IMAGES = YES;
				CURRENT_PROJECT_VERSION = 1;
				DEVELOPMENT_TEAM = "";
				ENABLE_HARDENED_RUNTIME = NO;
				GCC_PREFIX_HEADER = mac/RRPrefix.h;
				GENERATE_INFOPLIST_FILE = NO;
				HEADER_SEARCH_PATHS = (
					"$(SRCROOT)/core",
					"$(SRCROOT)/vendor/freerdp/include/freerdp3",
					"$(SRCROOT)/vendor/freerdp/include/winpr3",
					/opt/homebrew/include/freerdp3,
					/opt/homebrew/include/winpr3,
					/usr/local/include/freerdp3,
					/usr/local/include/winpr3,
				);
				INFOPLIST_FILE = mac/Info.plist;
				LD_RUNPATH_SEARCH_PATHS = (
					"$(inherited)",
					"@executable_path/../Frameworks",
					"$(SRCROOT)/vendor/freerdp/lib",
					/opt/homebrew/lib,
					/usr/local/lib,
				);
				LIBRARY_SEARCH_PATHS = (
					"$(SRCROOT)/vendor/freerdp/lib",
					/opt/homebrew/lib,
					/usr/local/lib,
				);
				MARKETING_VERSION = 0.1.0;
				OTHER_LDFLAGS = (
					"-lfreerdp-client3",
					"-lfreerdp3",
					"-lwinpr3",
					"-framework",
					AppKit,
					"-framework",
					Metal,
					"-framework",
					QuartzCore,
					"-framework",
					Carbon,
					"-framework",
					IOKit,
				);
				PRODUCT_BUNDLE_IDENTIFIER = "com.cratchmere.rdp-retina";
				PRODUCT_NAME = "$(TARGET_NAME)";
			};
			name = Release;
		};
/* End XCBuildConfiguration section */

/* Begin XCConfigurationList section */
		30BD7D8C0E25EEB9189D415A /* Build configuration list for PBXProject "rdp-retina" */ = {
			isa = XCConfigurationList;
			buildConfigurations = (
				4FD452CBEEB047940118DA05 /* Debug */,
				7AE7A56E45D725C753167F55 /* Release */,
			);
			defaultConfigurationIsVisible = 0;
			defaultConfigurationName = Release;
		};
		AFCC775E8C2393B8C5F83E67 /* Build configuration list for PBXNativeTarget "rdp-retina" */ = {
			isa = XCConfigurationList;
			buildConfigurations = (
				62B016D1EA3B6D6189BEAF13 /* Debug */,
				04CB42321259FD3210DDED26 /* Release */,
			);
			defaultConfigurationIsVisible = 0;
			defaultConfigurationName = Release;
		};
/* End XCConfigurationList section */
	};
	rootObject = B09222CDABD80A31196B84F0 /* Project object */;
}
